
Microsoft Visual Studio Solution File, Format Version 12.00
# Visual Studio 15
VisualStudioVersion = 15.0.28307.852
MinimumVisualStudioVersion = 10.0.40219.1
Project("{FAE04EC0-301F-11D3-BF4B-00C04F79EFBC}") = "Juan", "Juan\Juan.csproj", "{204E1599-8594-4ED1-AF26-18DB241B79E0}"
EndProject
Project("{FAE04EC0-301F-11D3-BF4B-00C04F79EFBC}") = "UnitTestProject1", "UnitTestProject1\UnitTestProject1.csproj", "{081E0B87-FA09-48E9-9E52-E5308DB15E69}"
EndProject
Global
	GlobalSection(SolutionConfigurationPlatforms) = preSolution
		Debug|Any CPU = Debug|Any CPU
		Release|Any CPU = Release|Any CPU
	EndGlobalSection
	GlobalSection(ProjectConfigurationPlatforms) = postSolution
		{204E1599-8594-4ED1-AF26-18DB241B79E0}.Debug|Any CPU.ActiveCfg = Debug|Any CPU
		{204E1599-8594-4ED1-AF26-18DB241B79E0}.Debug|Any CPU.Build.0 = Debug|Any CPU
		{204E1599-8594-4ED1-AF26-18DB241B79E0}.Release|Any CPU.ActiveCfg = Release|Any CPU
		{204E1599-8594-4ED1-AF26-18DB241B79E0}.Release|Any CPU.Build.0 = Release|Any CPU
		{081E0B87-FA09-48E9-9E52-E5308DB15E69}.Debug|Any CPU.ActiveCfg = Debug|Any CPU
		{081E0B87-FA09-48E9-9E52-E5308DB15E69}.Debug|Any CPU.Build.0 = Debug|Any CPU
		{081E0B87-FA09-48E9-9E52-E5308DB15E69}.Release|Any CPU.ActiveCfg = Release|Any CPU
		{081E0B87-FA09-48E9-9E52-E5308DB15E69}.Release|Any CPU.Build.0 = Release|Any CPU
	EndGlobalSection
	GlobalSection(SolutionProperties) = preSolution
		HideSolutionNode = FALSE
	EndGlobalSection
	GlobalSection(ExtensibilityGlobals) = postSolution
		SolutionGuid = {62BFC4F3-FF6D-4E7B-B959-3CED85BE523D}
	EndGlobalSection
EndGlobal
